// !$*UTF8*$!
{
	archiveVersion = 1;
	classes = {
	};
	objectVersion = 46;
	objects = {

/* Begin PBXBuildFile section */
		92240EC21E5F322700FF198E /* AppDelegate.swift in Sources */ = {isa = PBXBuildFile; fileRef = 92240EC11E5F322700FF198E /* AppDelegate.swift */; };
		92240EC91E5F322700FF198E /* Assets.xcassets in Resources */ = {isa = PBXBuildFile; fileRef = 92240EC81E5F322700FF198E /* Assets.xcassets */; };
		92240ECC1E5F322700FF198E /* LaunchScreen.storyboard in Resources */ = {isa = PBXBuildFile; fileRef = 92240ECA1E5F322700FF198E /* LaunchScreen.storyboard */; };
		92240ED71E5F322700FF198E /* OhHellTests.swift in Sources */ = {isa = PBXBuildFile; fileRef = 92240ED61E5F322700FF198E /* OhHellTests.swift */; };
		92240EE21E5F322700FF198E /* OhHellUITests.swift in Sources */ = {isa = PBXBuildFile; fileRef = 92240EE11E5F322700FF198E /* OhHellUITests.swift */; };
		9233C1811E6455ED00598CF0 /* Modelimplement.swift in Sources */ = {isa = PBXBuildFile; fileRef = 9233C1801E6455ED00598CF0 /* Modelimplement.swift */; };
		925A30031E643170002ACA7A /* Chunk.swift in Sources */ = {isa = PBXBuildFile; fileRef = 925A2FF61E643170002ACA7A /* Chunk.swift */; };
		925A30041E643170002ACA7A /* Production.swift in Sources */ = {isa = PBXBuildFile; fileRef = 925A2FF71E643170002ACA7A /* Production.swift */; };
		925A30051E643170002ACA7A /* Procedural.swift in Sources */ = {isa = PBXBuildFile; fileRef = 925A2FF81E643170002ACA7A /* Procedural.swift */; };
		925A30061E643170002ACA7A /* Parser.swift in Sources */ = {isa = PBXBuildFile; fileRef = 925A2FF91E643170002ACA7A /* Parser.swift */; };
		925A30071E643170002ACA7A /* Declarative.swift in Sources */ = {isa = PBXBuildFile; fileRef = 925A2FFA1E643170002ACA7A /* Declarative.swift */; };
		925A30081E643170002ACA7A /* Support.swift in Sources */ = {isa = PBXBuildFile; fileRef = 925A2FFB1E643170002ACA7A /* Support.swift */; };
		925A30091E643170002ACA7A /* Model.swift in Sources */ = {isa = PBXBuildFile; fileRef = 925A2FFC1E643170002ACA7A /* Model.swift */; };
		925A300A1E643170002ACA7A /* Tokenizer.swift in Sources */ = {isa = PBXBuildFile; fileRef = 925A2FFD1E643170002ACA7A /* Tokenizer.swift */; };
		925A300B1E643170002ACA7A /* Instantiation.swift in Sources */ = {isa = PBXBuildFile; fileRef = 925A2FFE1E643170002ACA7A /* Instantiation.swift */; };
		925A300C1E643170002ACA7A /* SlotCondition.swift in Sources */ = {isa = PBXBuildFile; fileRef = 925A2FFF1E643170002ACA7A /* SlotCondition.swift */; };
		925A300D1E643170002ACA7A /* BufferCondition.swift in Sources */ = {isa = PBXBuildFile; fileRef = 925A30001E643170002ACA7A /* BufferCondition.swift */; };
		925A300E1E643170002ACA7A /* SlotAction.swift in Sources */ = {isa = PBXBuildFile; fileRef = 925A30011E643170002ACA7A /* SlotAction.swift */; };
		925A300F1E643170002ACA7A /* BufferAction.swift in Sources */ = {isa = PBXBuildFile; fileRef = 925A30021E643170002ACA7A /* BufferAction.swift */; };
		928889C81E684CCB00B7AA18 /* GameController.swift in Sources */ = {isa = PBXBuildFile; fileRef = 928889C71E684CCB00B7AA18 /* GameController.swift */; };
		928889CD1E684FFC00B7AA18 /* PointModel.swift in Sources */ = {isa = PBXBuildFile; fileRef = 928889CC1E684FFC00B7AA18 /* PointModel.swift */; };
		92F9DCA11E64510100D471B9 /* MainViewController.swift in Sources */ = {isa = PBXBuildFile; fileRef = 92F9DCA01E64510100D471B9 /* MainViewController.swift */; };
		92F9DCA31E64510E00D471B9 /* Main.storyboard in Resources */ = {isa = PBXBuildFile; fileRef = 92F9DCA21E64510E00D471B9 /* Main.storyboard */; };
/* End PBXBuildFile section */

/* Begin PBXContainerItemProxy section */
		92240ED31E5F322700FF198E /* PBXContainerItemProxy */ = {
			isa = PBXContainerItemProxy;
			containerPortal = 92240EB61E5F322700FF198E /* Project object */;
			proxyType = 1;
			remoteGlobalIDString = 92240EBD1E5F322700FF198E;
			remoteInfo = OhHell;
		};
		92240EDE1E5F322700FF198E /* PBXContainerItemProxy */ = {
			isa = PBXContainerItemProxy;
			containerPortal = 92240EB61E5F322700FF198E /* Project object */;
			proxyType = 1;
			remoteGlobalIDString = 92240EBD1E5F322700FF198E;
			remoteInfo = OhHell;
		};
/* End PBXContainerItemProxy section */

/* Begin PBXFileReference section */
		92240EBE1E5F322700FF198E /* OhHell.app */ = {isa = PBXFileReference; explicitFileType = wrapper.application; includeInIndex = 0; path = OhHell.app; sourceTree = BUILT_PRODUCTS_DIR; };
		92240EC11E5F322700FF198E /* AppDelegate.swift */ = {isa = PBXFileReference; lastKnownFileType = sourcecode.swift; path = AppDelegate.swift; sourceTree = "<group>"; };
		92240EC81E5F322700FF198E /* Assets.xcassets */ = {isa = PBXFileReference; lastKnownFileType = folder.assetcatalog; path = Assets.xcassets; sourceTree = "<group>"; };
		92240ECB1E5F322700FF198E /* Base */ = {isa = PBXFileReference; lastKnownFileType = file.storyboard; name = Base; path = Base.lproj/LaunchScreen.storyboard; sourceTree = "<group>"; };
		92240ECD1E5F322700FF198E /* Info.plist */ = {isa = PBXFileReference; lastKnownFileType = text.plist.xml; path = Info.plist; sourceTree = "<group>"; };
		92240ED21E5F322700FF198E /* OhHellTests.xctest */ = {isa = PBXFileReference; explicitFileType = wrapper.cfbundle; includeInIndex = 0; path = OhHellTests.xctest; sourceTree = BUILT_PRODUCTS_DIR; };
		92240ED61E5F322700FF198E /* OhHellTests.swift */ = {isa = PBXFileReference; lastKnownFileType = sourcecode.swift; path = OhHellTests.swift; sourceTree = "<group>"; };
		92240ED81E5F322700FF198E /* Info.plist */ = {isa = PBXFileReference; lastKnownFileType = text.plist.xml; path = Info.plist; sourceTree = "<group>"; };
		92240EDD1E5F322700FF198E /* OhHellUITests.xctest */ = {isa = PBXFileReference; explicitFileType = wrapper.cfbundle; includeInIndex = 0; path = OhHellUITests.xctest; sourceTree = BUILT_PRODUCTS_DIR; };
		92240EE11E5F322700FF198E /* OhHellUITests.swift */ = {isa = PBXFileReference; lastKnownFileType = sourcecode.swift; path = OhHellUITests.swift; sourceTree = "<group>"; };
		92240EE31E5F322700FF198E /* Info.plist */ = {isa = PBXFileReference; lastKnownFileType = text.plist.xml; path = Info.plist; sourceTree = "<group>"; };
		9233C1801E6455ED00598CF0 /* Modelimplement.swift */ = {isa = PBXFileReference; fileEncoding = 4; lastKnownFileType = sourcecode.swift; name = Modelimplement.swift; path = OhHell/Modelimplement.swift; sourceTree = "<group>"; };
		925A2FF61E643170002ACA7A /* Chunk.swift */ = {isa = PBXFileReference; fileEncoding = 4; lastKnownFileType = sourcecode.swift; path = Chunk.swift; sourceTree = "<group>"; };
		925A2FF71E643170002ACA7A /* Production.swift */ = {isa = PBXFileReference; fileEncoding = 4; lastKnownFileType = sourcecode.swift; path = Production.swift; sourceTree = "<group>"; };
		925A2FF81E643170002ACA7A /* Procedural.swift */ = {isa = PBXFileReference; fileEncoding = 4; lastKnownFileType = sourcecode.swift; path = Procedural.swift; sourceTree = "<group>"; };
		925A2FF91E643170002ACA7A /* Parser.swift */ = {isa = PBXFileReference; fileEncoding = 4; lastKnownFileType = sourcecode.swift; path = Parser.swift; sourceTree = "<group>"; };
		925A2FFA1E643170002ACA7A /* Declarative.swift */ = {isa = PBXFileReference; fileEncoding = 4; lastKnownFileType = sourcecode.swift; path = Declarative.swift; sourceTree = "<group>"; };
		925A2FFB1E643170002ACA7A /* Support.swift */ = {isa = PBXFileReference; fileEncoding = 4; lastKnownFileType = sourcecode.swift; path = Support.swift; sourceTree = "<group>"; };
		925A2FFC1E643170002ACA7A /* Model.swift */ = {isa = PBXFileReference; fileEncoding = 4; lastKnownFileType = sourcecode.swift; path = Model.swift; sourceTree = "<group>"; };
		925A2FFD1E643170002ACA7A /* Tokenizer.swift */ = {isa = PBXFileReference; fileEncoding = 4; lastKnownFileType = sourcecode.swift; path = Tokenizer.swift; sourceTree = "<group>"; };
		925A2FFE1E643170002ACA7A /* Instantiation.swift */ = {isa = PBXFileReference; fileEncoding = 4; lastKnownFileType = sourcecode.swift; path = Instantiation.swift; sourceTree = "<group>"; };
		925A2FFF1E643170002ACA7A /* SlotCondition.swift */ = {isa = PBXFileReference; fileEncoding = 4; lastKnownFileType = sourcecode.swift; path = SlotCondition.swift; sourceTree = "<group>"; };
		925A30001E643170002ACA7A /* BufferCondition.swift */ = {isa = PBXFileReference; fileEncoding = 4; lastKnownFileType = sourcecode.swift; path = BufferCondition.swift; sourceTree = "<group>"; };
		925A30011E643170002ACA7A /* SlotAction.swift */ = {isa = PBXFileReference; fileEncoding = 4; lastKnownFileType = sourcecode.swift; path = SlotAction.swift; sourceTree = "<group>"; };
		925A30021E643170002ACA7A /* BufferAction.swift */ = {isa = PBXFileReference; fileEncoding = 4; lastKnownFileType = sourcecode.swift; path = BufferAction.swift; sourceTree = "<group>"; };
		928889C71E684CCB00B7AA18 /* GameController.swift */ = {isa = PBXFileReference; fileEncoding = 4; lastKnownFileType = sourcecode.swift; path = GameController.swift; sourceTree = "<group>"; };
		928889CC1E684FFC00B7AA18 /* PointModel.swift */ = {isa = PBXFileReference; fileEncoding = 4; lastKnownFileType = sourcecode.swift; path = PointModel.swift; sourceTree = "<group>"; };
		92F9DCA01E64510100D471B9 /* MainViewController.swift */ = {isa = PBXFileReference; fileEncoding = 4; lastKnownFileType = sourcecode.swift; path = MainViewController.swift; sourceTree = "<group>"; };
		92F9DCA21E64510E00D471B9 /* Main.storyboard */ = {isa = PBXFileReference; fileEncoding = 4; lastKnownFileType = file.storyboard; path = Main.storyboard; sourceTree = "<group>"; };
/* End PBXFileReference section */

/* Begin PBXFrameworksBuildPhase section */
		92240EBB1E5F322700FF198E /* Frameworks */ = {
			isa = PBXFrameworksBuildPhase;
			buildActionMask = 2147483647;
			files = (
			);
			runOnlyForDeploymentPostprocessing = 0;
		};
		92240ECF1E5F322700FF198E /* Frameworks */ = {
			isa = PBXFrameworksBuildPhase;
			buildActionMask = 2147483647;
			files = (
			);
			runOnlyForDeploymentPostprocessing = 0;
		};
		92240EDA1E5F322700FF198E /* Frameworks */ = {
			isa = PBXFrameworksBuildPhase;
			buildActionMask = 2147483647;
			files = (
			);
			runOnlyForDeploymentPostprocessing = 0;
		};
/* End PBXFrameworksBuildPhase section */

/* Begin PBXGroup section */
		92240EB51E5F322700FF198E = {
			isa = PBXGroup;
			children = (
				925A30101E643182002ACA7A /* Core ACT-R */,
				92240EC01E5F322700FF198E /* OhHell */,
				92240ED51E5F322700FF198E /* OhHellTests */,
				92240EE01E5F322700FF198E /* OhHellUITests */,
				92240EBF1E5F322700FF198E /* Products */,
				928889CB1E684FA100B7AA18 /* Model-part */,
			);
			sourceTree = "<group>";
		};
		92240EBF1E5F322700FF198E /* Products */ = {
			isa = PBXGroup;
			children = (
				92240EBE1E5F322700FF198E /* OhHell.app */,
				92240ED21E5F322700FF198E /* OhHellTests.xctest */,
				92240EDD1E5F322700FF198E /* OhHellUITests.xctest */,
			);
			name = Products;
			sourceTree = "<group>";
		};
		92240EC01E5F322700FF198E /* OhHell */ = {
			isa = PBXGroup;
			children = (
				92F9DCA01E64510100D471B9 /* MainViewController.swift */,
				92240EC11E5F322700FF198E /* AppDelegate.swift */,
				92F9DCA21E64510E00D471B9 /* Main.storyboard */,
				928889C71E684CCB00B7AA18 /* GameController.swift */,
				92240EC81E5F322700FF198E /* Assets.xcassets */,
				92240ECA1E5F322700FF198E /* LaunchScreen.storyboard */,
				92240ECD1E5F322700FF198E /* Info.plist */,
				928889CC1E684FFC00B7AA18 /* PointModel.swift */,
			);
			path = OhHell;
			sourceTree = "<group>";
		};
		92240ED51E5F322700FF198E /* OhHellTests */ = {
			isa = PBXGroup;
			children = (
				92240ED61E5F322700FF198E /* OhHellTests.swift */,
				92240ED81E5F322700FF198E /* Info.plist */,
			);
			path = OhHellTests;
			sourceTree = "<group>";
		};
		92240EE01E5F322700FF198E /* OhHellUITests */ = {
			isa = PBXGroup;
			children = (
				92240EE11E5F322700FF198E /* OhHellUITests.swift */,
				92240EE31E5F322700FF198E /* Info.plist */,
			);
			path = OhHellUITests;
			sourceTree = "<group>";
		};
		925A30101E643182002ACA7A /* Core ACT-R */ = {
			isa = PBXGroup;
			children = (
				925A2FFF1E643170002ACA7A /* SlotCondition.swift */,
				925A2FF61E643170002ACA7A /* Chunk.swift */,
				925A2FF71E643170002ACA7A /* Production.swift */,
				925A2FF81E643170002ACA7A /* Procedural.swift */,
				925A2FF91E643170002ACA7A /* Parser.swift */,
				925A2FFA1E643170002ACA7A /* Declarative.swift */,
				925A2FFB1E643170002ACA7A /* Support.swift */,
				925A2FFC1E643170002ACA7A /* Model.swift */,
				925A2FFD1E643170002ACA7A /* Tokenizer.swift */,
				925A2FFE1E643170002ACA7A /* Instantiation.swift */,
				925A30001E643170002ACA7A /* BufferCondition.swift */,
				925A30011E643170002ACA7A /* SlotAction.swift */,
				925A30021E643170002ACA7A /* BufferAction.swift */,
			);
			name = "Core ACT-R";
			sourceTree = "<group>";
		};
		928889CB1E684FA100B7AA18 /* Model-part */ = {
			isa = PBXGroup;
			children = (
				9233C1801E6455ED00598CF0 /* Modelimplement.swift */,
			);
			name = "Model-part";
			sourceTree = "<group>";
		};
/* End PBXGroup section */

/* Begin PBXNativeTarget section */
		92240EBD1E5F322700FF198E /* OhHell */ = {
			isa = PBXNativeTarget;
			buildConfigurationList = 92240EE61E5F322700FF198E /* Build configuration list for PBXNativeTarget "OhHell" */;
			buildPhases = (
				92240EBA1E5F322700FF198E /* Sources */,
				92240EBB1E5F322700FF198E /* Frameworks */,
				92240EBC1E5F322700FF198E /* Resources */,
			);
			buildRules = (
			);
			dependencies = (
			);
			name = OhHell;
			productName = OhHell;
			productReference = 92240EBE1E5F322700FF198E /* OhHell.app */;
			productType = "com.apple.product-type.application";
		};
		92240ED11E5F322700FF198E /* OhHellTests */ = {
			isa = PBXNativeTarget;
			buildConfigurationList = 92240EE91E5F322700FF198E /* Build configuration list for PBXNativeTarget "OhHellTests" */;
			buildPhases = (
				92240ECE1E5F322700FF198E /* Sources */,
				92240ECF1E5F322700FF198E /* Frameworks */,
				92240ED01E5F322700FF198E /* Resources */,
			);
			buildRules = (
			);
			dependencies = (
				92240ED41E5F322700FF198E /* PBXTargetDependency */,
			);
			name = OhHellTests;
			productName = OhHellTests;
			productReference = 92240ED21E5F322700FF198E /* OhHellTests.xctest */;
			productType = "com.apple.product-type.bundle.unit-test";
		};
		92240EDC1E5F322700FF198E /* OhHellUITests */ = {
			isa = PBXNativeTarget;
			buildConfigurationList = 92240EEC1E5F322700FF198E /* Build configuration list for PBXNativeTarget "OhHellUITests" */;
			buildPhases = (
				92240ED91E5F322700FF198E /* Sources */,
				92240EDA1E5F322700FF198E /* Frameworks */,
				92240EDB1E5F322700FF198E /* Resources */,
			);
			buildRules = (
			);
			dependencies = (
				92240EDF1E5F322700FF198E /* PBXTargetDependency */,
			);
			name = OhHellUITests;
			productName = OhHellUITests;
			productReference = 92240EDD1E5F322700FF198E /* OhHellUITests.xctest */;
			productType = "com.apple.product-type.bundle.ui-testing";
		};
/* End PBXNativeTarget section */

/* Begin PBXProject section */
		92240EB61E5F322700FF198E /* Project object */ = {
			isa = PBXProject;
			attributes = {
				LastSwiftUpdateCheck = 0820;
				LastUpgradeCheck = 0820;
				ORGANIZATIONNAME = "D. Diepgrond";
				TargetAttributes = {
					92240EBD1E5F322700FF198E = {
						CreatedOnToolsVersion = 8.2.1;
						ProvisioningStyle = Automatic;
					};
					92240ED11E5F322700FF198E = {
						CreatedOnToolsVersion = 8.2.1;
						DevelopmentTeam = 2C5PH4298U;
						ProvisioningStyle = Automatic;
						TestTargetID = 92240EBD1E5F322700FF198E;
					};
					92240EDC1E5F322700FF198E = {
						CreatedOnToolsVersion = 8.2.1;
						DevelopmentTeam = 2C5PH4298U;
						ProvisioningStyle = Automatic;
						TestTargetID = 92240EBD1E5F322700FF198E;
					};
				};
			};
			buildConfigurationList = 92240EB91E5F322700FF198E /* Build configuration list for PBXProject "OhHell" */;
			compatibilityVersion = "Xcode 3.2";
			developmentRegion = English;
			hasScannedForEncodings = 0;
			knownRegions = (
				en,
				Base,
			);
			mainGroup = 92240EB51E5F322700FF198E;
			productRefGroup = 92240EBF1E5F322700FF198E /* Products */;
			projectDirPath = "";
			projectRoot = "";
			targets = (
				92240EBD1E5F322700FF198E /* OhHell */,
				92240ED11E5F322700FF198E /* OhHellTests */,
				92240EDC1E5F322700FF198E /* OhHellUITests */,
			);
		};
/* End PBXProject section */

/* Begin PBXResourcesBuildPhase section */
		92240EBC1E5F322700FF198E /* Resources */ = {
			isa = PBXResourcesBuildPhase;
			buildActionMask = 2147483647;
			files = (
				92F9DCA31E64510E00D471B9 /* Main.storyboard in Resources */,
				92240ECC1E5F322700FF198E /* LaunchScreen.storyboard in Resources */,
				92240EC91E5F322700FF198E /* Assets.xcassets in Resources */,
			);
			runOnlyForDeploymentPostprocessing = 0;
		};
		92240ED01E5F322700FF198E /* Resources */ = {
			isa = PBXResourcesBuildPhase;
			buildActionMask = 2147483647;
			files = (
			);
			runOnlyForDeploymentPostprocessing = 0;
		};
		92240EDB1E5F322700FF198E /* Resources */ = {
			isa = PBXResourcesBuildPhase;
			buildActionMask = 2147483647;
			files = (
			);
			runOnlyForDeploymentPostprocessing = 0;
		};
/* End PBXResourcesBuildPhase section */

/* Begin PBXSourcesBuildPhase section */
		92240EBA1E5F322700FF198E /* Sources */ = {
			isa = PBXSourcesBuildPhase;
			buildActionMask = 2147483647;
			files = (
				925A30091E643170002ACA7A /* Model.swift in Sources */,
				925A300E1E643170002ACA7A /* SlotAction.swift in Sources */,
				925A300B1E643170002ACA7A /* Instantiation.swift in Sources */,
				925A300D1E643170002ACA7A /* BufferCondition.swift in Sources */,
				928889CD1E684FFC00B7AA18 /* PointModel.swift in Sources */,
				925A300A1E643170002ACA7A /* Tokenizer.swift in Sources */,
				925A30071E643170002ACA7A /* Declarative.swift in Sources */,
				92240EC21E5F322700FF198E /* AppDelegate.swift in Sources */,
				9233C1811E6455ED00598CF0 /* Modelimplement.swift in Sources */,
				928889C81E684CCB00B7AA18 /* GameController.swift in Sources */,
				925A30061E643170002ACA7A /* Parser.swift in Sources */,
				925A300C1E643170002ACA7A /* SlotCondition.swift in Sources */,
				92F9DCA11E64510100D471B9 /* MainViewController.swift in Sources */,
				925A30041E643170002ACA7A /* Production.swift in Sources */,
				925A30081E643170002ACA7A /* Support.swift in Sources */,
				925A30031E643170002ACA7A /* Chunk.swift in Sources */,
				925A30051E643170002ACA7A /* Procedural.swift in Sources */,
				925A300F1E643170002ACA7A /* BufferAction.swift in Sources */,
			);
			runOnlyForDeploymentPostprocessing = 0;
		};
		92240ECE1E5F322700FF198E /* Sources */ = {
			isa = PBXSourcesBuildPhase;
			buildActionMask = 2147483647;
			files = (
				92240ED71E5F322700FF198E /* OhHellTests.swift in Sources */,
			);
			runOnlyForDeploymentPostprocessing = 0;
		};
		92240ED91E5F322700FF198E /* Sources */ = {
			isa = PBXSourcesBuildPhase;
			buildActionMask = 2147483647;
			files = (
				92240EE21E5F322700FF198E /* OhHellUITests.swift in Sources */,
			);
			runOnlyForDeploymentPostprocessing = 0;
		};
/* End PBXSourcesBuildPhase section */

/* Begin PBXTargetDependency section */
		92240ED41E5F322700FF198E /* PBXTargetDependency */ = {
			isa = PBXTargetDependency;
			target = 92240EBD1E5F322700FF198E /* OhHell */;
			targetProxy = 92240ED31E5F322700FF198E /* PBXContainerItemProxy */;
		};
		92240EDF1E5F322700FF198E /* PBXTargetDependency */ = {
			isa = PBXTargetDependency;
			target = 92240EBD1E5F322700FF198E /* OhHell */;
			targetProxy = 92240EDE1E5F322700FF198E /* PBXContainerItemProxy */;
		};
/* End PBXTargetDependency section */

/* Begin PBXVariantGroup section */
		92240ECA1E5F322700FF198E /* LaunchScreen.storyboard */ = {
			isa = PBXVariantGroup;
			children = (
				92240ECB1E5F322700FF198E /* Base */,
			);
			name = LaunchScreen.storyboard;
			sourceTree = "<group>";
		};
/* End PBXVariantGroup section */

/* Begin XCBuildConfiguration section */
		92240EE41E5F322700FF198E /* Debug */ = {
			isa = XCBuildConfiguration;
			buildSettings = {
				ALWAYS_SEARCH_USER_PATHS = NO;
				CLANG_ANALYZER_NONNULL = YES;
				CLANG_CXX_LANGUAGE_STANDARD = "gnu++0x";
				CLANG_CXX_LIBRARY = "libc++";
				CLANG_ENABLE_MODULES = YES;
				CLANG_ENABLE_OBJC_ARC = YES;
				CLANG_WARN_BOOL_CONVERSION = YES;
				CLANG_WARN_CONSTANT_CONVERSION = YES;
				CLANG_WARN_DIRECT_OBJC_ISA_USAGE = YES_ERROR;
				CLANG_WARN_DOCUMENTATION_COMMENTS = YES;
				CLANG_WARN_EMPTY_BODY = YES;
				CLANG_WARN_ENUM_CONVERSION = YES;
				CLANG_WARN_INFINITE_RECURSION = YES;
				CLANG_WARN_INT_CONVERSION = YES;
				CLANG_WARN_OBJC_ROOT_CLASS = YES_ERROR;
				CLANG_WARN_SUSPICIOUS_MOVE = YES;
				CLANG_WARN_UNREACHABLE_CODE = YES;
				CLANG_WARN__DUPLICATE_METHOD_MATCH = YES;
				"CODE_SIGN_IDENTITY[sdk=iphoneos*]" = "iPhone Developer";
				COPY_PHASE_STRIP = NO;
				DEBUG_INFORMATION_FORMAT = dwarf;
				ENABLE_STRICT_OBJC_MSGSEND = YES;
				ENABLE_TESTABILITY = YES;
				GCC_C_LANGUAGE_STANDARD = gnu99;
				GCC_DYNAMIC_NO_PIC = NO;
				GCC_NO_COMMON_BLOCKS = YES;
				GCC_OPTIMIZATION_LEVEL = 0;
				GCC_PREPROCESSOR_DEFINITIONS = (
					"DEBUG=1",
					"$(inherited)",
				);
				GCC_WARN_64_TO_32_BIT_CONVERSION = YES;
				GCC_WARN_ABOUT_RETURN_TYPE = YES_ERROR;
				GCC_WARN_UNDECLARED_SELECTOR = YES;
				GCC_WARN_UNINITIALIZED_AUTOS = YES_AGGRESSIVE;
				GCC_WARN_UNUSED_FUNCTION = YES;
				GCC_WARN_UNUSED_VARIABLE = YES;
				IPHONEOS_DEPLOYMENT_TARGET = 10.2;
				MTL_ENABLE_DEBUG_INFO = YES;
				ONLY_ACTIVE_ARCH = YES;
				SDKROOT = iphoneos;
				SWIFT_ACTIVE_COMPILATION_CONDITIONS = DEBUG;
				SWIFT_OPTIMIZATION_LEVEL = "-Onone";
				TARGETED_DEVICE_FAMILY = "1,2";
			};
			name = Debug;
		};
		92240EE51E5F322700FF198E /* Release */ = {
			isa = XCBuildConfiguration;
			buildSettings = {
				ALWAYS_SEARCH_USER_PATHS = NO;
				CLANG_ANALYZER_NONNULL = YES;
				CLANG_CXX_LANGUAGE_STANDARD = "gnu++0x";
				CLANG_CXX_LIBRARY = "libc++";
				CLANG_ENABLE_MODULES = YES;
				CLANG_ENABLE_OBJC_ARC = YES;
				CLANG_WARN_BOOL_CONVERSION = YES;
				CLANG_WARN_CONSTANT_CONVERSION = YES;
				CLANG_WARN_DIRECT_OBJC_ISA_USAGE = YES_ERROR;
				CLANG_WARN_DOCUMENTATION_COMMENTS = YES;
				CLANG_WARN_EMPTY_BODY = YES;
				CLANG_WARN_ENUM_CONVERSION = YES;
				CLANG_WARN_INFINITE_RECURSION = YES;
				CLANG_WARN_INT_CONVERSION = YES;
				CLANG_WARN_OBJC_ROOT_CLASS = YES_ERROR;
				CLANG_WARN_SUSPICIOUS_MOVE = YES;
				CLANG_WARN_UNREACHABLE_CODE = YES;
				CLANG_WARN__DUPLICATE_METHOD_MATCH = YES;
				"CODE_SIGN_IDENTITY[sdk=iphoneos*]" = "iPhone Developer";
				COPY_PHASE_STRIP = NO;
				DEBUG_INFORMATION_FORMAT = "dwarf-with-dsym";
				ENABLE_NS_ASSERTIONS = NO;
				ENABLE_STRICT_OBJC_MSGSEND = YES;
				GCC_C_LANGUAGE_STANDARD = gnu99;
				GCC_NO_COMMON_BLOCKS = YES;
				GCC_WARN_64_TO_32_BIT_CONVERSION = YES;
				GCC_WARN_ABOUT_RETURN_TYPE = YES_ERROR;
				GCC_WARN_UNDECLARED_SELECTOR = YES;
				GCC_WARN_UNINITIALIZED_AUTOS = YES_AGGRESSIVE;
				GCC_WARN_UNUSED_FUNCTION = YES;
				GCC_WARN_UNUSED_VARIABLE = YES;
				IPHONEOS_DEPLOYMENT_TARGET = 10.2;
				MTL_ENABLE_DEBUG_INFO = NO;
				SDKROOT = iphoneos;
				SWIFT_OPTIMIZATION_LEVEL = "-Owholemodule";
				TARGETED_DEVICE_FAMILY = "1,2";
				VALIDATE_PRODUCT = YES;
			};
			name = Release;
		};
		92240EE71E5F322700FF198E /* Debug */ = {
			isa = XCBuildConfiguration;
			buildSettings = {
				ASSETCATALOG_COMPILER_APPICON_NAME = AppIcon;
				DEVELOPMENT_TEAM = "";
				INFOPLIST_FILE = OhHell/Info.plist;
				LD_RUNPATH_SEARCH_PATHS = "$(inherited) @executable_path/Frameworks";
				PRODUCT_BUNDLE_IDENTIFIER = CognitiveModelling.OhHell;
				PRODUCT_NAME = "$(TARGET_NAME)";
				SWIFT_VERSION = 3.0;
			};
			name = Debug;
		};
		92240EE81E5F322700FF198E /* Release */ = {
			isa = XCBuildConfiguration;
			buildSettings = {
				ASSETCATALOG_COMPILER_APPICON_NAME = AppIcon;
				DEVELOPMENT_TEAM = "";
				INFOPLIST_FILE = OhHell/Info.plist;
				LD_RUNPATH_SEARCH_PATHS = "$(inherited) @executable_path/Frameworks";
				PRODUCT_BUNDLE_IDENTIFIER = CognitiveModelling.OhHell;
				PRODUCT_NAME = "$(TARGET_NAME)";
				SWIFT_VERSION = 3.0;
			};
			name = Release;
		};
		92240EEA1E5F322700FF198E /* Debug */ = {
			isa = XCBuildConfiguration;
			buildSettings = {
				ALWAYS_EMBED_SWIFT_STANDARD_LIBRARIES = YES;
				BUNDLE_LOADER = "$(TEST_HOST)";
				DEVELOPMENT_TEAM = 2C5PH4298U;
				INFOPLIST_FILE = OhHellTests/Info.plist;
				LD_RUNPATH_SEARCH_PATHS = "$(inherited) @executable_path/Frameworks @loader_path/Frameworks";
				PRODUCT_BUNDLE_IDENTIFIER = CognitiveModelling.OhHellTests;
				PRODUCT_NAME = "$(TARGET_NAME)";
				SWIFT_VERSION = 3.0;
				TEST_HOST = "$(BUILT_PRODUCTS_DIR)/OhHell.app/OhHell";
			};
			name = Debug;
		};
		92240EEB1E5F322700FF198E /* Release */ = {
			isa = XCBuildConfiguration;
			buildSettings = {
				ALWAYS_EMBED_SWIFT_STANDARD_LIBRARIES = YES;
				BUNDLE_LOADER = "$(TEST_HOST)";
				DEVELOPMENT_TEAM = 2C5PH4298U;
				INFOPLIST_FILE = OhHellTests/Info.plist;
				LD_RUNPATH_SEARCH_PATHS = "$(inherited) @executable_path/Frameworks @loader_path/Frameworks";
				PRODUCT_BUNDLE_IDENTIFIER = CognitiveModelling.OhHellTests;
				PRODUCT_NAME = "$(TARGET_NAME)";
				SWIFT_VERSION = 3.0;
				TEST_HOST = "$(BUILT_PRODUCTS_DIR)/OhHell.app/OhHell";
			};
			name = Release;
		};
		92240EED1E5F322700FF198E /* Debug */ = {
			isa = XCBuildConfiguration;
			buildSettings = {
				ALWAYS_EMBED_SWIFT_STANDARD_LIBRARIES = YES;
				DEVELOPMENT_TEAM = 2C5PH4298U;
				INFOPLIST_FILE = OhHellUITests/Info.plist;
				LD_RUNPATH_SEARCH_PATHS = "$(inherited) @executable_path/Frameworks @loader_path/Frameworks";
				PRODUCT_BUNDLE_IDENTIFIER = CognitiveModelling.OhHellUITests;
				PRODUCT_NAME = "$(TARGET_NAME)";
				SWIFT_VERSION = 3.0;
				TEST_TARGET_NAME = OhHell;
			};
			name = Debug;
		};
		92240EEE1E5F322700FF198E /* Release */ = {
			isa = XCBuildConfiguration;
			buildSettings = {
				ALWAYS_EMBED_SWIFT_STANDARD_LIBRARIES = YES;
				DEVELOPMENT_TEAM = 2C5PH4298U;
				INFOPLIST_FILE = OhHellUITests/Info.plist;
				LD_RUNPATH_SEARCH_PATHS = "$(inherited) @executable_path/Frameworks @loader_path/Frameworks";
				PRODUCT_BUNDLE_IDENTIFIER = CognitiveModelling.OhHellUITests;
				PRODUCT_NAME = "$(TARGET_NAME)";
				SWIFT_VERSION = 3.0;
				TEST_TARGET_NAME = OhHell;
			};
			name = Release;
		};
/* End XCBuildConfiguration section */

/* Begin XCConfigurationList section */
		92240EB91E5F322700FF198E /* Build configuration list for PBXProject "OhHell" */ = {
			isa = XCConfigurationList;
			buildConfigurations = (
				92240EE41E5F322700FF198E /* Debug */,
				92240EE51E5F322700FF198E /* Release */,
			);
			defaultConfigurationIsVisible = 0;
			defaultConfigurationName = Release;
		};
		92240EE61E5F322700FF198E /* Build configuration list for PBXNativeTarget "OhHell" */ = {
			isa = XCConfigurationList;
			buildConfigurations = (
				92240EE71E5F322700FF198E /* Debug */,
				92240EE81E5F322700FF198E /* Release */,
			);
			defaultConfigurationIsVisible = 0;
			defaultConfigurationName = Release;
		};
		92240EE91E5F322700FF198E /* Build configuration list for PBXNativeTarget "OhHellTests" */ = {
			isa = XCConfigurationList;
			buildConfigurations = (
				92240EEA1E5F322700FF198E /* Debug */,
				92240EEB1E5F322700FF198E /* Release */,
			);
			defaultConfigurationIsVisible = 0;
			defaultConfigurationName = Release;
		};
		92240EEC1E5F322700FF198E /* Build configuration list for PBXNativeTarget "OhHellUITests" */ = {
			isa = XCConfigurationList;
			buildConfigurations = (
				92240EED1E5F322700FF198E /* Debug */,
				92240EEE1E5F322700FF198E /* Release */,
			);
			defaultConfigurationIsVisible = 0;
			defaultConfigurationName = Release;
		};
/* End XCConfigurationList section */
	};
	rootObject = 92240EB61E5F322700FF198E /* Project object */;
}
